
Microsoft Visual Studio Solution File, Format Version 12.00
# Visual Studio Version 16
VisualStudioVersion = 16.0.29424.173
MinimumVisualStudioVersion = 10.0.40219.1
Project("{FAE04EC0-301F-11D3-BF4B-00C04F79EFBC}") = "Snake", "Snake\Snake.csproj", "{886E1345-59A0-4890-AF49-687244A3F6AA}"
EndProject
Global
	GlobalSection(SolutionConfigurationPlatforms) = preSolution
		Debug|Any CPU = Debug|Any CPU
		Release|Any CPU = Release|Any CPU
	EndGlobalSection
	GlobalSection(ProjectConfigurationPlatforms) = postSolution
		{886E1345-59A0-4890-AF49-687244A3F6AA}.Debug|Any CPU.ActiveCfg = Debug|Any CPU
		{886E1345-59A0-4890-AF49-687244A3F6AA}.Debug|Any CPU.Build.0 = Debug|Any CPU
		{886E1345-59A0-4890-AF49-687244A3F6AA}.Release|Any CPU.ActiveCfg = Release|Any CPU
		{886E1345-59A0-4890-AF49-687244A3F6AA}.Release|Any CPU.Build.0 = Release|Any CPU
	EndGlobalSection
	GlobalSection(SolutionProperties) = preSolution
		HideSolutionNode = FALSE
	EndGlobalSection
	GlobalSection(ExtensibilityGlobals) = postSolution
		SolutionGuid = {E86F1022-93A0-4D7E-9391-A111FF27A863}
	EndGlobalSection
EndGlobal
